// !$*UTF8*$!
{
	archiveVersion = 1;
	classes = {
	};
	objectVersion = 56;
	objects = {

/* Begin PBXBuildFile section */
		C024F4462B5EA170005A7FC3 /* AppDelegate.swift in Sources */ = {isa = PBXBuildFile; fileRef = C024F4452B5EA170005A7FC3 /* AppDelegate.swift */; };
		C024F4482B5EA170005A7FC3 /* SceneDelegate.swift in Sources */ = {isa = PBXBuildFile; fileRef = C024F4472B5EA170005A7FC3 /* SceneDelegate.swift */; };
		C024F44A2B5EA170005A7FC3 /* ViewController.swift in Sources */ = {isa = PBXBuildFile; fileRef = C024F4492B5EA170005A7FC3 /* ViewController.swift */; };
		C024F44D2B5EA170005A7FC3 /* Main.storyboard in Resources */ = {isa = PBXBuildFile; fileRef = C024F44B2B5EA170005A7FC3 /* Main.storyboard */; };
		C024F44F2B5EA172005A7FC3 /* Assets.xcassets in Resources */ = {isa = PBXBuildFile; fileRef = C024F44E2B5EA172005A7FC3 /* Assets.xcassets */; };
		C024F4522B5EA172005A7FC3 /* LaunchScreen.storyboard in Resources */ = {isa = PBXBuildFile; fileRef = C024F4502B5EA172005A7FC3 /* LaunchScreen.storyboard */; };
		C024F45D2B5EA172005A7FC3 /* lesson5Tests.swift in Sources */ = {isa = PBXBuildFile; fileRef = C024F45C2B5EA172005A7FC3 /* lesson5Tests.swift */; };
		C024F4672B5EA172005A7FC3 /* lesson5UITests.swift in Sources */ = {isa = PBXBuildFile; fileRef = C024F4662B5EA172005A7FC3 /* lesson5UITests.swift */; };
		C024F4692B5EA172005A7FC3 /* lesson5UITestsLaunchTests.swift in Sources */ = {isa = PBXBuildFile; fileRef = C024F4682B5EA172005A7FC3 /* lesson5UITestsLaunchTests.swift */; };
/* End PBXBuildFile section */

/* Begin PBXContainerItemProxy section */
		C024F4592B5EA172005A7FC3 /* PBXContainerItemProxy */ = {
			isa = PBXContainerItemProxy;
			containerPortal = C024F43A2B5EA170005A7FC3 /* Project object */;
			proxyType = 1;
			remoteGlobalIDString = C024F4412B5EA170005A7FC3;
			remoteInfo = lesson5;
		};
		C024F4632B5EA172005A7FC3 /* PBXContainerItemProxy */ = {
			isa = PBXContainerItemProxy;
			containerPortal = C024F43A2B5EA170005A7FC3 /* Project object */;
			proxyType = 1;
			remoteGlobalIDString = C024F4412B5EA170005A7FC3;
			remoteInfo = lesson5;
		};
/* End PBXContainerItemProxy section */

/* Begin PBXFileReference section */
		C024F4422B5EA170005A7FC3 /* lesson5.app */ = {isa = PBXFileReference; explicitFileType = wrapper.application; includeInIndex = 0; path = lesson5.app; sourceTree = BUILT_PRODUCTS_DIR; };
		C024F4452B5EA170005A7FC3 /* AppDelegate.swift */ = {isa = PBXFileReference; lastKnownFileType = sourcecode.swift; path = AppDelegate.swift; sourceTree = "<group>"; };
		C024F4472B5EA170005A7FC3 /* SceneDelegate.swift */ = {isa = PBXFileReference; lastKnownFileType = sourcecode.swift; path = SceneDelegate.swift; sourceTree = "<group>"; };
		C024F4492B5EA170005A7FC3 /* ViewController.swift */ = {isa = PBXFileReference; lastKnownFileType = sourcecode.swift; path = ViewController.swift; sourceTree = "<group>"; };
		C024F44C2B5EA170005A7FC3 /* Base */ = {isa = PBXFileReference; lastKnownFileType = file.storyboard; name = Base; path = Base.lproj/Main.storyboard; sourceTree = "<group>"; };
		C024F44E2B5EA172005A7FC3 /* Assets.xcassets */ = {isa = PBXFileReference; lastKnownFileType = folder.assetcatalog; path = Assets.xcassets; sourceTree = "<group>"; };
		C024F4512B5EA172005A7FC3 /* Base */ = {isa = PBXFileReference; lastKnownFileType = file.storyboard; name = Base; path = Base.lproj/LaunchScreen.storyboard; sourceTree = "<group>"; };
		C024F4532B5EA172005A7FC3 /* Info.plist */ = {isa = PBXFileReference; lastKnownFileType = text.plist.xml; path = Info.plist; sourceTree = "<group>"; };
		C024F4582B5EA172005A7FC3 /* lesson5Tests.xctest */ = {isa = PBXFileReference; explicitFileType = wrapper.cfbundle; includeInIndex = 0; path = lesson5Tests.xctest; sourceTree = BUILT_PRODUCTS_DIR; };
		C024F45C2B5EA172005A7FC3 /* lesson5Tests.swift */ = {isa = PBXFileReference; lastKnownFileType = sourcecode.swift; path = lesson5Tests.swift; sourceTree = "<group>"; };
		C024F4622B5EA172005A7FC3 /* lesson5UITests.xctest */ = {isa = PBXFileReference; explicitFileType = wrapper.cfbundle; includeInIndex = 0; path = lesson5UITests.xctest; sourceTree = BUILT_PRODUCTS_DIR; };
		C024F4662B5EA172005A7FC3 /* lesson5UITests.swift */ = {isa = PBXFileReference; lastKnownFileType = sourcecode.swift; path = lesson5UITests.swift; sourceTree = "<group>"; };
		C024F4682B5EA172005A7FC3 /* lesson5UITestsLaunchTests.swift */ = {isa = PBXFileReference; lastKnownFileType = sourcecode.swift; path = lesson5UITestsLaunchTests.swift; sourceTree = "<group>"; };
/* End PBXFileReference section */

/* Begin PBXFrameworksBuildPhase section */
		C024F43F2B5EA170005A7FC3 /* Frameworks */ = {
			isa = PBXFrameworksBuildPhase;
			buildActionMask = 2147483647;
			files = (
			);
			runOnlyForDeploymentPostprocessing = 0;
		};
		C024F4552B5EA172005A7FC3 /* Frameworks */ = {
			isa = PBXFrameworksBuildPhase;
			buildActionMask = 2147483647;
			files = (
			);
			runOnlyForDeploymentPostprocessing = 0;
		};
		C024F45F2B5EA172005A7FC3 /* Frameworks */ = {
			isa = PBXFrameworksBuildPhase;
			buildActionMask = 2147483647;
			files = (
			);
			runOnlyForDeploymentPostprocessing = 0;
		};
/* End PBXFrameworksBuildPhase section */

/* Begin PBXGroup section */
		C024F4392B5EA170005A7FC3 = {
			isa = PBXGroup;
			children = (
				C024F4442B5EA170005A7FC3 /* lesson5 */,
				C024F45B2B5EA172005A7FC3 /* lesson5Tests */,
				C024F4652B5EA172005A7FC3 /* lesson5UITests */,
				C024F4432B5EA170005A7FC3 /* Products */,
			);
			sourceTree = "<group>";
		};
		C024F4432B5EA170005A7FC3 /* Products */ = {
			isa = PBXGroup;
			children = (
				C024F4422B5EA170005A7FC3 /* lesson5.app */,
				C024F4582B5EA172005A7FC3 /* lesson5Tests.xctest */,
				C024F4622B5EA172005A7FC3 /* lesson5UITests.xctest */,
			);
			name = Products;
			sourceTree = "<group>";
		};
		C024F4442B5EA170005A7FC3 /* lesson5 */ = {
			isa = PBXGroup;
			children = (
				C024F4452B5EA170005A7FC3 /* AppDelegate.swift */,
				C024F4472B5EA170005A7FC3 /* SceneDelegate.swift */,
				C024F4492B5EA170005A7FC3 /* ViewController.swift */,
				C024F44B2B5EA170005A7FC3 /* Main.storyboard */,
				C024F44E2B5EA172005A7FC3 /* Assets.xcassets */,
				C024F4502B5EA172005A7FC3 /* LaunchScreen.storyboard */,
				C024F4532B5EA172005A7FC3 /* Info.plist */,
			);
			path = lesson5;
			sourceTree = "<group>";
		};
		C024F45B2B5EA172005A7FC3 /* lesson5Tests */ = {
			isa = PBXGroup;
			children = (
				C024F45C2B5EA172005A7FC3 /* lesson5Tests.swift */,
			);
			path = lesson5Tests;
			sourceTree = "<group>";
		};
		C024F4652B5EA172005A7FC3 /* lesson5UITests */ = {
			isa = PBXGroup;
			children = (
				C024F4662B5EA172005A7FC3 /* lesson5UITests.swift */,
				C024F4682B5EA172005A7FC3 /* lesson5UITestsLaunchTests.swift */,
			);
			path = lesson5UITests;
			sourceTree = "<group>";
		};
/* End PBXGroup section */

/* Begin PBXNativeTarget section */
		C024F4412B5EA170005A7FC3 /* lesson5 */ = {
			isa = PBXNativeTarget;
			buildConfigurationList = C024F46C2B5EA172005A7FC3 /* Build configuration list for PBXNativeTarget "lesson5" */;
			buildPhases = (
				C024F43E2B5EA170005A7FC3 /* Sources */,
				C024F43F2B5EA170005A7FC3 /* Frameworks */,
				C024F4402B5EA170005A7FC3 /* Resources */,
			);
			buildRules = (
			);
			dependencies = (
			);
			name = lesson5;
			productName = lesson5;
			productReference = C024F4422B5EA170005A7FC3 /* lesson5.app */;
			productType = "com.apple.product-type.application";
		};
		C024F4572B5EA172005A7FC3 /* lesson5Tests */ = {
			isa = PBXNativeTarget;
			buildConfigurationList = C024F46F2B5EA172005A7FC3 /* Build configuration list for PBXNativeTarget "lesson5Tests" */;
			buildPhases = (
				C024F4542B5EA172005A7FC3 /* Sources */,
				C024F4552B5EA172005A7FC3 /* Frameworks */,
				C024F4562B5EA172005A7FC3 /* Resources */,
			);
			buildRules = (
			);
			dependencies = (
				C024F45A2B5EA172005A7FC3 /* PBXTargetDependency */,
			);
			name = lesson5Tests;
			productName = lesson5Tests;
			productReference = C024F4582B5EA172005A7FC3 /* lesson5Tests.xctest */;
			productType = "com.apple.product-type.bundle.unit-test";
		};
		C024F4612B5EA172005A7FC3 /* lesson5UITests */ = {
			isa = PBXNativeTarget;
			buildConfigurationList = C024F4722B5EA172005A7FC3 /* Build configuration list for PBXNativeTarget "lesson5UITests" */;
			buildPhases = (
				C024F45E2B5EA172005A7FC3 /* Sources */,
				C024F45F2B5EA172005A7FC3 /* Frameworks */,
				C024F4602B5EA172005A7FC3 /* Resources */,
			);
			buildRules = (
			);
			dependencies = (
				C024F4642B5EA172005A7FC3 /* PBXTargetDependency */,
			);
			name = lesson5UITests;
			productName = lesson5UITests;
			productReference = C024F4622B5EA172005A7FC3 /* lesson5UITests.xctest */;
			productType = "com.apple.product-type.bundle.ui-testing";
		};
/* End PBXNativeTarget section */

/* Begin PBXProject section */
		C024F43A2B5EA170005A7FC3 /* Project object */ = {
			isa = PBXProject;
			attributes = {
				BuildIndependentTargetsInParallel = 1;
				LastSwiftUpdateCheck = 1430;
				LastUpgradeCheck = 1430;
				TargetAttributes = {
					C024F4412B5EA170005A7FC3 = {
						CreatedOnToolsVersion = 14.3.1;
					};
					C024F4572B5EA172005A7FC3 = {
						CreatedOnToolsVersion = 14.3.1;
						TestTargetID = C024F4412B5EA170005A7FC3;
					};
					C024F4612B5EA172005A7FC3 = {
						CreatedOnToolsVersion = 14.3.1;
						TestTargetID = C024F4412B5EA170005A7FC3;
					};
				};
			};
			buildConfigurationList = C024F43D2B5EA170005A7FC3 /* Build configuration list for PBXProject "lesson5" */;
			compatibilityVersion = "Xcode 14.0";
			developmentRegion = en;
			hasScannedForEncodings = 0;
			knownRegions = (
				en,
				Base,
			);
			mainGroup = C024F4392B5EA170005A7FC3;
			productRefGroup = C024F4432B5EA170005A7FC3 /* Products */;
			projectDirPath = "";
			projectRoot = "";
			targets = (
				C024F4412B5EA170005A7FC3 /* lesson5 */,
				C024F4572B5EA172005A7FC3 /* lesson5Tests */,
				C024F4612B5EA172005A7FC3 /* lesson5UITests */,
			);
		};
/* End PBXProject section */

/* Begin PBXResourcesBuildPhase section */
		C024F4402B5EA170005A7FC3 /* Resources */ = {
			isa = PBXResourcesBuildPhase;
			buildActionMask = 2147483647;
			files = (
				C024F4522B5EA172005A7FC3 /* LaunchScreen.storyboard in Resources */,
				C024F44F2B5EA172005A7FC3 /* Assets.xcassets in Resources */,
				C024F44D2B5EA170005A7FC3 /* Main.storyboard in Resources */,
			);
			runOnlyForDeploymentPostprocessing = 0;
		};
		C024F4562B5EA172005A7FC3 /* Resources */ = {
			isa = PBXResourcesBuildPhase;
			buildActionMask = 2147483647;
			files = (
			);
			runOnlyForDeploymentPostprocessing = 0;
		};
		C024F4602B5EA172005A7FC3 /* Resources */ = {
			isa = PBXResourcesBuildPhase;
			buildActionMask = 2147483647;
			files = (
			);
			runOnlyForDeploymentPostprocessing = 0;
		};
/* End PBXResourcesBuildPhase section */

/* Begin PBXSourcesBuildPhase section */
		C024F43E2B5EA170005A7FC3 /* Sources */ = {
			isa = PBXSourcesBuildPhase;
			buildActionMask = 2147483647;
			files = (
				C024F44A2B5EA170005A7FC3 /* ViewController.swift in Sources */,
				C024F4462B5EA170005A7FC3 /* AppDelegate.swift in Sources */,
				C024F4482B5EA170005A7FC3 /* SceneDelegate.swift in Sources */,
			);
			runOnlyForDeploymentPostprocessing = 0;
		};
		C024F4542B5EA172005A7FC3 /* Sources */ = {
			isa = PBXSourcesBuildPhase;
			buildActionMask = 2147483647;
			files = (
				C024F45D2B5EA172005A7FC3 /* lesson5Tests.swift in Sources */,
			);
			runOnlyForDeploymentPostprocessing = 0;
		};
		C024F45E2B5EA172005A7FC3 /* Sources */ = {
			isa = PBXSourcesBuildPhase;
			buildActionMask = 2147483647;
			files = (
				C024F4692B5EA172005A7FC3 /* lesson5UITestsLaunchTests.swift in Sources */,
				C024F4672B5EA172005A7FC3 /* lesson5UITests.swift in Sources */,
			);
			runOnlyForDeploymentPostprocessing = 0;
		};
/* End PBXSourcesBuildPhase section */

/* Begin PBXTargetDependency section */
		C024F45A2B5EA172005A7FC3 /* PBXTargetDependency */ = {
			isa = PBXTargetDependency;
			target = C024F4412B5EA170005A7FC3 /* lesson5 */;
			targetProxy = C024F4592B5EA172005A7FC3 /* PBXContainerItemProxy */;
		};
		C024F4642B5EA172005A7FC3 /* PBXTargetDependency */ = {
			isa = PBXTargetDependency;
			target = C024F4412B5EA170005A7FC3 /* lesson5 */;
			targetProxy = C024F4632B5EA172005A7FC3 /* PBXContainerItemProxy */;
		};
/* End PBXTargetDependency section */

/* Begin PBXVariantGroup section */
		C024F44B2B5EA170005A7FC3 /* Main.storyboard */ = {
			isa = PBXVariantGroup;
			children = (
				C024F44C2B5EA170005A7FC3 /* Base */,
			);
			name = Main.storyboard;
			sourceTree = "<group>";
		};
		C024F4502B5EA172005A7FC3 /* LaunchScreen.storyboard */ = {
			isa = PBXVariantGroup;
			children = (
				C024F4512B5EA172005A7FC3 /* Base */,
			);
			name = LaunchScreen.storyboard;
			sourceTree = "<group>";
		};
/* End PBXVariantGroup section */

/* Begin XCBuildConfiguration section */
		C024F46A2B5EA172005A7FC3 /* Debug */ = {
			isa = XCBuildConfiguration;
			buildSettings = {
				ALWAYS_SEARCH_USER_PATHS = NO;
				CLANG_ANALYZER_NONNULL = YES;
				CLANG_ANALYZER_NUMBER_OBJECT_CONVERSION = YES_AGGRESSIVE;
				CLANG_CXX_LANGUAGE_STANDARD = "gnu++20";
				CLANG_ENABLE_MODULES = YES;
				CLANG_ENABLE_OBJC_ARC = YES;
				CLANG_ENABLE_OBJC_WEAK = YES;
				CLANG_WARN_BLOCK_CAPTURE_AUTORELEASING = YES;
				CLANG_WARN_BOOL_CONVERSION = YES;
				CLANG_WARN_COMMA = YES;
				CLANG_WARN_CONSTANT_CONVERSION = YES;
				CLANG_WARN_DEPRECATED_OBJC_IMPLEMENTATIONS = YES;
				CLANG_WARN_DIRECT_OBJC_ISA_USAGE = YES_ERROR;
				CLANG_WARN_DOCUMENTATION_COMMENTS = YES;
				CLANG_WARN_EMPTY_BODY = YES;
				CLANG_WARN_ENUM_CONVERSION = YES;
				CLANG_WARN_INFINITE_RECURSION = YES;
				CLANG_WARN_INT_CONVERSION = YES;
				CLANG_WARN_NON_LITERAL_NULL_CONVERSION = YES;
				CLANG_WARN_OBJC_IMPLICIT_RETAIN_SELF = YES;
				CLANG_WARN_OBJC_LITERAL_CONVERSION = YES;
				CLANG_WARN_OBJC_ROOT_CLASS = YES_ERROR;
				CLANG_WARN_QUOTED_INCLUDE_IN_FRAMEWORK_HEADER = YES;
				CLANG_WARN_RANGE_LOOP_ANALYSIS = YES;
				CLANG_WARN_STRICT_PROTOTYPES = YES;
				CLANG_WARN_SUSPICIOUS_MOVE = YES;
				CLANG_WARN_UNGUARDED_AVAILABILITY = YES_AGGRESSIVE;
				CLANG_WARN_UNREACHABLE_CODE = YES;
				CLANG_WARN__DUPLICATE_METHOD_MATCH = YES;
				COPY_PHASE_STRIP = NO;
				DEBUG_INFORMATION_FORMAT = dwarf;
				ENABLE_STRICT_OBJC_MSGSEND = YES;
				ENABLE_TESTABILITY = YES;
				GCC_C_LANGUAGE_STANDARD = gnu11;
				GCC_DYNAMIC_NO_PIC = NO;
				GCC_NO_COMMON_BLOCKS = YES;
				GCC_OPTIMIZATION_LEVEL = 0;
				GCC_PREPROCESSOR_DEFINITIONS = (
					"DEBUG=1",
					"$(inherited)",
				);
				GCC_WARN_64_TO_32_BIT_CONVERSION = YES;
				GCC_WARN_ABOUT_RETURN_TYPE = YES_ERROR;
				GCC_WARN_UNDECLARED_SELECTOR = YES;
				GCC_WARN_UNINITIALIZED_AUTOS = YES_AGGRESSIVE;
				GCC_WARN_UNUSED_FUNCTION = YES;
				GCC_WARN_UNUSED_VARIABLE = YES;
				IPHONEOS_DEPLOYMENT_TARGET = 16.4;
				MTL_ENABLE_DEBUG_INFO = INCLUDE_SOURCE;
				MTL_FAST_MATH = YES;
				ONLY_ACTIVE_ARCH = YES;
				SDKROOT = iphoneos;
				SWIFT_ACTIVE_COMPILATION_CONDITIONS = DEBUG;
				SWIFT_OPTIMIZATION_LEVEL = "-Onone";
			};
			name = Debug;
		};
		C024F46B2B5EA172005A7FC3 /* Release */ = {
			isa = XCBuildConfiguration;
			buildSettings = {
				ALWAYS_SEARCH_USER_PATHS = NO;
				CLANG_ANALYZER_NONNULL = YES;
				CLANG_ANALYZER_NUMBER_OBJECT_CONVERSION = YES_AGGRESSIVE;
				CLANG_CXX_LANGUAGE_STANDARD = "gnu++20";
				CLANG_ENABLE_MODULES = YES;
				CLANG_ENABLE_OBJC_ARC = YES;
				CLANG_ENABLE_OBJC_WEAK = YES;
				CLANG_WARN_BLOCK_CAPTURE_AUTORELEASING = YES;
				CLANG_WARN_BOOL_CONVERSION = YES;
				CLANG_WARN_COMMA = YES;
				CLANG_WARN_CONSTANT_CONVERSION = YES;
				CLANG_WARN_DEPRECATED_OBJC_IMPLEMENTATIONS = YES;
				CLANG_WARN_DIRECT_OBJC_ISA_USAGE = YES_ERROR;
				CLANG_WARN_DOCUMENTATION_COMMENTS = YES;
				CLANG_WARN_EMPTY_BODY = YES;
				CLANG_WARN_ENUM_CONVERSION = YES;
				CLANG_WARN_INFINITE_RECURSION = YES;
				CLANG_WARN_INT_CONVERSION = YES;
				CLANG_WARN_NON_LITERAL_NULL_CONVERSION = YES;
				CLANG_WARN_OBJC_IMPLICIT_RETAIN_SELF = YES;
				CLANG_WARN_OBJC_LITERAL_CONVERSION = YES;
				CLANG_WARN_OBJC_ROOT_CLASS = YES_ERROR;
				CLANG_WARN_QUOTED_INCLUDE_IN_FRAMEWORK_HEADER = YES;
				CLANG_WARN_RANGE_LOOP_ANALYSIS = YES;
				CLANG_WARN_STRICT_PROTOTYPES = YES;
				CLANG_WARN_SUSPICIOUS_MOVE = YES;
				CLANG_WARN_UNGUARDED_AVAILABILITY = YES_AGGRESSIVE;
				CLANG_WARN_UNREACHABLE_CODE = YES;
				CLANG_WARN__DUPLICATE_METHOD_MATCH = YES;
				COPY_PHASE_STRIP = NO;
				DEBUG_INFORMATION_FORMAT = "dwarf-with-dsym";
				ENABLE_NS_ASSERTIONS = NO;
				ENABLE_STRICT_OBJC_MSGSEND = YES;
				GCC_C_LANGUAGE_STANDARD = gnu11;
				GCC_NO_COMMON_BLOCKS = YES;
				GCC_WARN_64_TO_32_BIT_CONVERSION = YES;
				GCC_WARN_ABOUT_RETURN_TYPE = YES_ERROR;
				GCC_WARN_UNDECLARED_SELECTOR = YES;
				GCC_WARN_UNINITIALIZED_AUTOS = YES_AGGRESSIVE;
				GCC_WARN_UNUSED_FUNCTION = YES;
				GCC_WARN_UNUSED_VARIABLE = YES;
				IPHONEOS_DEPLOYMENT_TARGET = 16.4;
				MTL_ENABLE_DEBUG_INFO = NO;
				MTL_FAST_MATH = YES;
				SDKROOT = iphoneos;
				SWIFT_COMPILATION_MODE = wholemodule;
				SWIFT_OPTIMIZATION_LEVEL = "-O";
				VALIDATE_PRODUCT = YES;
			};
			name = Release;
		};
		C024F46D2B5EA172005A7FC3 /* Debug */ = {
			isa = XCBuildConfiguration;
			buildSettings = {
				ASSETCATALOG_COMPILER_APPICON_NAME = AppIcon;
				ASSETCATALOG_COMPILER_GLOBAL_ACCENT_COLOR_NAME = AccentColor;
				CODE_SIGN_STYLE = Automatic;
				CURRENT_PROJECT_VERSION = 1;
				GENERATE_INFOPLIST_FILE = YES;
				INFOPLIST_FILE = lesson5/Info.plist;
				INFOPLIST_KEY_UIApplicationSupportsIndirectInputEvents = YES;
				INFOPLIST_KEY_UILaunchStoryboardName = LaunchScreen;
				INFOPLIST_KEY_UIMainStoryboardFile = Main;
				INFOPLIST_KEY_UISupportedInterfaceOrientations_iPad = "UIInterfaceOrientationPortrait UIInterfaceOrientationPortraitUpsideDown UIInterfaceOrientationLandscapeLeft UIInterfaceOrientationLandscapeRight";
				INFOPLIST_KEY_UISupportedInterfaceOrientations_iPhone = "UIInterfaceOrientationPortrait UIInterfaceOrientationLandscapeLeft UIInterfaceOrientationLandscapeRight";
				LD_RUNPATH_SEARCH_PATHS = (
					"$(inherited)",
					"@executable_path/Frameworks",
				);
				MARKETING_VERSION = 1.0;
				PRODUCT_BUNDLE_IDENTIFIER = jkp.lesson5;
				PRODUCT_NAME = "$(TARGET_NAME)";
				SWIFT_EMIT_LOC_STRINGS = YES;
				SWIFT_VERSION = 5.0;
				TARGETED_DEVICE_FAMILY = "1,2";
			};
			name = Debug;
		};
		C024F46E2B5EA172005A7FC3 /* Release */ = {
			isa = XCBuildConfiguration;
			buildSettings = {
				ASSETCATALOG_COMPILER_APPICON_NAME = AppIcon;
				ASSETCATALOG_COMPILER_GLOBAL_ACCENT_COLOR_NAME = AccentColor;
				CODE_SIGN_STYLE = Automatic;
				CURRENT_PROJECT_VERSION = 1;
				GENERATE_INFOPLIST_FILE = YES;
				INFOPLIST_FILE = lesson5/Info.plist;
				INFOPLIST_KEY_UIApplicationSupportsIndirectInputEvents = YES;
				INFOPLIST_KEY_UILaunchStoryboardName = LaunchScreen;
				INFOPLIST_KEY_UIMainStoryboardFile = Main;
				INFOPLIST_KEY_UISupportedInterfaceOrientations_iPad = "UIInterfaceOrientationPortrait UIInterfaceOrientationPortraitUpsideDown UIInterfaceOrientationLandscapeLeft UIInterfaceOrientationLandscapeRight";
				INFOPLIST_KEY_UISupportedInterfaceOrientations_iPhone = "UIInterfaceOrientationPortrait UIInterfaceOrientationLandscapeLeft UIInterfaceOrientationLandscapeRight";
				LD_RUNPATH_SEARCH_PATHS = (
					"$(inherited)",
					"@executable_path/Frameworks",
				);
				MARKETING_VERSION = 1.0;
				PRODUCT_BUNDLE_IDENTIFIER = jkp.lesson5;
				PRODUCT_NAME = "$(TARGET_NAME)";
				SWIFT_EMIT_LOC_STRINGS = YES;
				SWIFT_VERSION = 5.0;
				TARGETED_DEVICE_FAMILY = "1,2";
			};
			name = Release;
		};
		C024F4702B5EA172005A7FC3 /* Debug */ = {
			isa = XCBuildConfiguration;
			buildSettings = {
				ALWAYS_EMBED_SWIFT_STANDARD_LIBRARIES = YES;
				BUNDLE_LOADER = "$(TEST_HOST)";
				CODE_SIGN_STYLE = Automatic;
				CURRENT_PROJECT_VERSION = 1;
				GENERATE_INFOPLIST_FILE = YES;
				IPHONEOS_DEPLOYMENT_TARGET = 16.4;
				MARKETING_VERSION = 1.0;
				PRODUCT_BUNDLE_IDENTIFIER = jkp.lesson5Tests;
				PRODUCT_NAME = "$(TARGET_NAME)";
				SWIFT_EMIT_LOC_STRINGS = NO;
				SWIFT_VERSION = 5.0;
				TARGETED_DEVICE_FAMILY = "1,2";
				TEST_HOST = "$(BUILT_PRODUCTS_DIR)/lesson5.app/$(BUNDLE_EXECUTABLE_FOLDER_PATH)/lesson5";
			};
			name = Debug;
		};
		C024F4712B5EA172005A7FC3 /* Release */ = {
			isa = XCBuildConfiguration;
			buildSettings = {
				ALWAYS_EMBED_SWIFT_STANDARD_LIBRARIES = YES;
				BUNDLE_LOADER = "$(TEST_HOST)";
				CODE_SIGN_STYLE = Automatic;
				CURRENT_PROJECT_VERSION = 1;
				GENERATE_INFOPLIST_FILE = YES;
				IPHONEOS_DEPLOYMENT_TARGET = 16.4;
				MARKETING_VERSION = 1.0;
				PRODUCT_BUNDLE_IDENTIFIER = jkp.lesson5Tests;
				PRODUCT_NAME = "$(TARGET_NAME)";
				SWIFT_EMIT_LOC_STRINGS = NO;
				SWIFT_VERSION = 5.0;
				TARGETED_DEVICE_FAMILY = "1,2";
				TEST_HOST = "$(BUILT_PRODUCTS_DIR)/lesson5.app/$(BUNDLE_EXECUTABLE_FOLDER_PATH)/lesson5";
			};
			name = Release;
		};
		C024F4732B5EA172005A7FC3 /* Debug */ = {
			isa = XCBuildConfiguration;
			buildSettings = {
				ALWAYS_EMBED_SWIFT_STANDARD_LIBRARIES = YES;
				CODE_SIGN_STYLE = Automatic;
				CURRENT_PROJECT_VERSION = 1;
				GENERATE_INFOPLIST_FILE = YES;
				MARKETING_VERSION = 1.0;
				PRODUCT_BUNDLE_IDENTIFIER = jkp.lesson5UITests;
				PRODUCT_NAME = "$(TARGET_NAME)";
				SWIFT_EMIT_LOC_STRINGS = NO;
				SWIFT_VERSION = 5.0;
				TARGETED_DEVICE_FAMILY = "1,2";
				TEST_TARGET_NAME = lesson5;
			};
			name = Debug;
		};
		C024F4742B5EA172005A7FC3 /* Release */ = {
			isa = XCBuildConfiguration;
			buildSettings = {
				ALWAYS_EMBED_SWIFT_STANDARD_LIBRARIES = YES;
				CODE_SIGN_STYLE = Automatic;
				CURRENT_PROJECT_VERSION = 1;
				GENERATE_INFOPLIST_FILE = YES;
				MARKETING_VERSION = 1.0;
				PRODUCT_BUNDLE_IDENTIFIER = jkp.lesson5UITests;
				PRODUCT_NAME = "$(TARGET_NAME)";
				SWIFT_EMIT_LOC_STRINGS = NO;
				SWIFT_VERSION = 5.0;
				TARGETED_DEVICE_FAMILY = "1,2";
				TEST_TARGET_NAME = lesson5;
			};
			name = Release;
		};
/* End XCBuildConfiguration section */

/* Begin XCConfigurationList section */
		C024F43D2B5EA170005A7FC3 /* Build configuration list for PBXProject "lesson5" */ = {
			isa = XCConfigurationList;
			buildConfigurations = (
				C024F46A2B5EA172005A7FC3 /* Debug */,
				C024F46B2B5EA172005A7FC3 /* Release */,
			);
			defaultConfigurationIsVisible = 0;
			defaultConfigurationName = Release;
		};
		C024F46C2B5EA172005A7FC3 /* Build configuration list for PBXNativeTarget "lesson5" */ = {
			isa = XCConfigurationList;
			buildConfigurations = (
				C024F46D2B5EA172005A7FC3 /* Debug */,
				C024F46E2B5EA172005A7FC3 /* Release */,
			);
			defaultConfigurationIsVisible = 0;
			defaultConfigurationName = Release;
		};
		C024F46F2B5EA172005A7FC3 /* Build configuration list for PBXNativeTarget "lesson5Tests" */ = {
			isa = XCConfigurationList;
			buildConfigurations = (
				C024F4702B5EA172005A7FC3 /* Debug */,
				C024F4712B5EA172005A7FC3 /* Release */,
			);
			defaultConfigurationIsVisible = 0;
			defaultConfigurationName = Release;
		};
		C024F4722B5EA172005A7FC3 /* Build configuration list for PBXNativeTarget "lesson5UITests" */ = {
			isa = XCConfigurationList;
			buildConfigurations = (
				C024F4732B5EA172005A7FC3 /* Debug */,
				C024F4742B5EA172005A7FC3 /* Release */,
			);
			defaultConfigurationIsVisible = 0;
			defaultConfigurationName = Release;
		};
/* End XCConfigurationList section */
	};
	rootObject = C024F43A2B5EA170005A7FC3 /* Project object */;
}
